
Microsoft Visual Studio Solution File, Format Version 12.00
# Visual Studio Version 17
VisualStudioVersion = 17.4.33205.214
MinimumVisualStudioVersion = 10.0.40219.1
Project("{FAE04EC0-301F-11D3-BF4B-00C04F79EFBC}") = "InvoicesManager", "InvoicesManager\InvoicesManager.csproj", "{19A9E0FA-EFE2-4660-BAFF-E15081982702}"
EndProject
Project("{FAE04EC0-301F-11D3-BF4B-00C04F79EFBC}") = "HouseHold", "HouseHold\HouseHold.csproj", "{B32F0072-5E46-47F3-A0AB-AD73BD8C1F07}"
EndProject
Project("{FAE04EC0-301F-11D3-BF4B-00C04F79EFBC}") = "Reportss", "Reportss\Reportss.csproj", "{0B44A457-2D31-47FA-80A8-E22FFDAD8956}"
EndProject
Global
	GlobalSection(SolutionConfigurationPlatforms) = preSolution
		Debug|Any CPU = Debug|Any CPU
		Release|Any CPU = Release|Any CPU
	EndGlobalSection
	GlobalSection(ProjectConfigurationPlatforms) = postSolution
		{19A9E0FA-EFE2-4660-BAFF-E15081982702}.Debug|Any CPU.ActiveCfg = Debug|Any CPU
		{19A9E0FA-EFE2-4660-BAFF-E15081982702}.Debug|Any CPU.Build.0 = Debug|Any CPU
		{19A9E0FA-EFE2-4660-BAFF-E15081982702}.Release|Any CPU.ActiveCfg = Release|Any CPU
		{19A9E0FA-EFE2-4660-BAFF-E15081982702}.Release|Any CPU.Build.0 = Release|Any CPU
		{B32F0072-5E46-47F3-A0AB-AD73BD8C1F07}.Debug|Any CPU.ActiveCfg = Debug|Any CPU
		{B32F0072-5E46-47F3-A0AB-AD73BD8C1F07}.Debug|Any CPU.Build.0 = Debug|Any CPU
		{B32F0072-5E46-47F3-A0AB-AD73BD8C1F07}.Release|Any CPU.ActiveCfg = Release|Any CPU
		{B32F0072-5E46-47F3-A0AB-AD73BD8C1F07}.Release|Any CPU.Build.0 = Release|Any CPU
		{0B44A457-2D31-47FA-80A8-E22FFDAD8956}.Debug|Any CPU.ActiveCfg = Debug|Any CPU
		{0B44A457-2D31-47FA-80A8-E22FFDAD8956}.Debug|Any CPU.Build.0 = Debug|Any CPU
		{0B44A457-2D31-47FA-80A8-E22FFDAD8956}.Release|Any CPU.ActiveCfg = Release|Any CPU
		{0B44A457-2D31-47FA-80A8-E22FFDAD8956}.Release|Any CPU.Build.0 = Release|Any CPU
	EndGlobalSection
	GlobalSection(SolutionProperties) = preSolution
		HideSolutionNode = FALSE
	EndGlobalSection
	GlobalSection(ExtensibilityGlobals) = postSolution
		SolutionGuid = {195B11AD-4873-42D8-BF90-B42BD0082252}
	EndGlobalSection
EndGlobal
